# This file is automatically @generated by Cargo.
# It is not intended for manual editing.
[[package]]
name = "anyhow"
version = "1.0.31"
source = "registry+https://github.com/rust-lang/crates.io-index"
checksum = "85bb70cc08ec97ca5450e6eba421deeea5f172c0fc61f78b5357b2a8e8be195f"

[[package]]
name = "rust_kf2_autokick"
version = "0.1.0"
dependencies = [
 "anyhow",
 "tinyjson",
]

[[package]]
name = "tinyjson"
version = "2.1.1"
source = "registry+https://github.com/rust-lang/crates.io-index"
checksum = "53c76489afcdd3a2c348e0484922c8c3df380bfc8d3fa20f1d2250751c9eb75a"
